
Microsoft Visual Studio Solution File, Format Version 12.00
# Visual Studio 2012
Project("{FAE04EC0-301F-11D3-BF4B-00C04F79EFBC}") = "LOLServer", "LOLServer\LOLServer.csproj", "{9FACE12F-CFD7-4DC9-8012-05CBAD5A1BE3}"
EndProject
Project("{FAE04EC0-301F-11D3-BF4B-00C04F79EFBC}") = "NetFrame", "NetFrame\NetFrame.csproj", "{1978D481-0EA8-4131-802D-D445468E0AF8}"
EndProject
Global
	GlobalSection(SolutionConfigurationPlatforms) = preSolution
		Debug|x86 = Debug|x86
		Release|x86 = Release|x86
	EndGlobalSection
	GlobalSection(ProjectConfigurationPlatforms) = postSolution
		{1978D481-0EA8-4131-802D-D445468E0AF8}.Debug|x86.ActiveCfg = Debug|Any CPU
		{1978D481-0EA8-4131-802D-D445468E0AF8}.Debug|x86.Build.0 = Debug|Any CPU
		{1978D481-0EA8-4131-802D-D445468E0AF8}.Release|x86.ActiveCfg = Release|Any CPU
		{1978D481-0EA8-4131-802D-D445468E0AF8}.Release|x86.Build.0 = Release|Any CPU
		{9FACE12F-CFD7-4DC9-8012-05CBAD5A1BE3}.Debug|x86.ActiveCfg = Debug|x86
		{9FACE12F-CFD7-4DC9-8012-05CBAD5A1BE3}.Debug|x86.Build.0 = Debug|x86
		{9FACE12F-CFD7-4DC9-8012-05CBAD5A1BE3}.Release|x86.ActiveCfg = Release|x86
		{9FACE12F-CFD7-4DC9-8012-05CBAD5A1BE3}.Release|x86.Build.0 = Release|x86
	EndGlobalSection
EndGlobal
